
Microsoft Visual Studio Solution File, Format Version 12.00
# Visual Studio Version 16
VisualStudioVersion = 16.0.31729.503
MinimumVisualStudioVersion = 10.0.40219.1
Project("{8BC9CEB8-8B4A-11D0-8D11-00A0C91BC942}") = "Project12", "Project12\Project12.vcxproj", "{A66AA3E8-FD80-4B7B-AA61-EC854A5F1796}"
EndProject
Project("{8BC9CEB8-8B4A-11D0-8D11-00A0C91BC942}") = "UnitTest1", "UnitTest1\UnitTest1.vcxproj", "{5001F726-EB0B-4682-81E8-8D614AFA79CD}"
EndProject
Global
	GlobalSection(SolutionConfigurationPlatforms) = preSolution
		Debug|x64 = Debug|x64
		Debug|x86 = Debug|x86
		Release|x64 = Release|x64
		Release|x86 = Release|x86
	EndGlobalSection
	GlobalSection(ProjectConfigurationPlatforms) = postSolution
		{A66AA3E8-FD80-4B7B-AA61-EC854A5F1796}.Debug|x64.ActiveCfg = Debug|x64
		{A66AA3E8-FD80-4B7B-AA61-EC854A5F1796}.Debug|x64.Build.0 = Debug|x64
		{A66AA3E8-FD80-4B7B-AA61-EC854A5F1796}.Debug|x86.ActiveCfg = Debug|Win32
		{A66AA3E8-FD80-4B7B-AA61-EC854A5F1796}.Debug|x86.Build.0 = Debug|Win32
		{A66AA3E8-FD80-4B7B-AA61-EC854A5F1796}.Release|x64.ActiveCfg = Release|x64
		{A66AA3E8-FD80-4B7B-AA61-EC854A5F1796}.Release|x64.Build.0 = Release|x64
		{A66AA3E8-FD80-4B7B-AA61-EC854A5F1796}.Release|x86.ActiveCfg = Release|Win32
		{A66AA3E8-FD80-4B7B-AA61-EC854A5F1796}.Release|x86.Build.0 = Release|Win32
		{5001F726-EB0B-4682-81E8-8D614AFA79CD}.Debug|x64.ActiveCfg = Debug|x64
		{5001F726-EB0B-4682-81E8-8D614AFA79CD}.Debug|x64.Build.0 = Debug|x64
		{5001F726-EB0B-4682-81E8-8D614AFA79CD}.Debug|x86.ActiveCfg = Debug|Win32
		{5001F726-EB0B-4682-81E8-8D614AFA79CD}.Debug|x86.Build.0 = Debug|Win32
		{5001F726-EB0B-4682-81E8-8D614AFA79CD}.Release|x64.ActiveCfg = Release|x64
		{5001F726-EB0B-4682-81E8-8D614AFA79CD}.Release|x64.Build.0 = Release|x64
		{5001F726-EB0B-4682-81E8-8D614AFA79CD}.Release|x86.ActiveCfg = Release|Win32
		{5001F726-EB0B-4682-81E8-8D614AFA79CD}.Release|x86.Build.0 = Release|Win32
	EndGlobalSection
	GlobalSection(SolutionProperties) = preSolution
		HideSolutionNode = FALSE
	EndGlobalSection
	GlobalSection(ExtensibilityGlobals) = postSolution
		SolutionGuid = {22555D6B-C0AC-4F7A-A067-0695D3D30253}
	EndGlobalSection
EndGlobal
